
Microsoft Visual Studio Solution File, Format Version 12.00
# Visual Studio Version 17
VisualStudioVersion = 17.4.33122.133
MinimumVisualStudioVersion = 10.0.40219.1
Project("{9A19103F-16F7-4668-BE54-9A1E7A4F7556}") = "Stage0", "Stage0\Stage0.csproj", "{EB9EB29A-44CA-446F-8F9A-7708B5709B07}"
EndProject
Project("{2150E333-8FDC-42A3-9474-1A3956D46DE8}") = "Solution Items", "Solution Items", "{AA739693-ABD2-4051-98C0-B656342CF077}"
	ProjectSection(SolutionItems) = preProject
		..\README.md = ..\README.md
	EndProjectSection
EndProject
Project("{9A19103F-16F7-4668-BE54-9A1E7A4F7556}") = "DalFacade", "DalFacade\DalFacade.csproj", "{4D249589-F4F8-4DE6-A845-B1FB96D9E060}"
EndProject
Project("{9A19103F-16F7-4668-BE54-9A1E7A4F7556}") = "DalList", "DalList\DalList.csproj", "{71605909-F87E-4969-806D-06EEBD598B5D}"
EndProject
Project("{9A19103F-16F7-4668-BE54-9A1E7A4F7556}") = "DalTest", "DalTest\DalTest.csproj", "{85DFEE53-C0E1-46EC-A227-4B7E45C83423}"
EndProject
Project("{FAE04EC0-301F-11D3-BF4B-00C04F79EFBC}") = "DalXml", "DalXml\DalXml.csproj", "{8DB8C206-9BBF-4178-9F7A-083051AA82D8}"
EndProject
Global
	GlobalSection(SolutionConfigurationPlatforms) = preSolution
		Debug|Any CPU = Debug|Any CPU
		Release|Any CPU = Release|Any CPU
	EndGlobalSection
	GlobalSection(ProjectConfigurationPlatforms) = postSolution
		{EB9EB29A-44CA-446F-8F9A-7708B5709B07}.Debug|Any CPU.ActiveCfg = Debug|Any CPU
		{EB9EB29A-44CA-446F-8F9A-7708B5709B07}.Debug|Any CPU.Build.0 = Debug|Any CPU
		{EB9EB29A-44CA-446F-8F9A-7708B5709B07}.Release|Any CPU.ActiveCfg = Release|Any CPU
		{EB9EB29A-44CA-446F-8F9A-7708B5709B07}.Release|Any CPU.Build.0 = Release|Any CPU
		{4D249589-F4F8-4DE6-A845-B1FB96D9E060}.Debug|Any CPU.ActiveCfg = Debug|Any CPU
		{4D249589-F4F8-4DE6-A845-B1FB96D9E060}.Debug|Any CPU.Build.0 = Debug|Any CPU
		{4D249589-F4F8-4DE6-A845-B1FB96D9E060}.Release|Any CPU.ActiveCfg = Release|Any CPU
		{4D249589-F4F8-4DE6-A845-B1FB96D9E060}.Release|Any CPU.Build.0 = Release|Any CPU
		{71605909-F87E-4969-806D-06EEBD598B5D}.Debug|Any CPU.ActiveCfg = Debug|Any CPU
		{71605909-F87E-4969-806D-06EEBD598B5D}.Debug|Any CPU.Build.0 = Debug|Any CPU
		{71605909-F87E-4969-806D-06EEBD598B5D}.Release|Any CPU.ActiveCfg = Release|Any CPU
		{71605909-F87E-4969-806D-06EEBD598B5D}.Release|Any CPU.Build.0 = Release|Any CPU
		{85DFEE53-C0E1-46EC-A227-4B7E45C83423}.Debug|Any CPU.ActiveCfg = Debug|Any CPU
		{85DFEE53-C0E1-46EC-A227-4B7E45C83423}.Debug|Any CPU.Build.0 = Debug|Any CPU
		{85DFEE53-C0E1-46EC-A227-4B7E45C83423}.Release|Any CPU.ActiveCfg = Release|Any CPU
		{85DFEE53-C0E1-46EC-A227-4B7E45C83423}.Release|Any CPU.Build.0 = Release|Any CPU
		{8DB8C206-9BBF-4178-9F7A-083051AA82D8}.Debug|Any CPU.ActiveCfg = Debug|Any CPU
		{8DB8C206-9BBF-4178-9F7A-083051AA82D8}.Debug|Any CPU.Build.0 = Debug|Any CPU
		{8DB8C206-9BBF-4178-9F7A-083051AA82D8}.Release|Any CPU.ActiveCfg = Release|Any CPU
		{8DB8C206-9BBF-4178-9F7A-083051AA82D8}.Release|Any CPU.Build.0 = Release|Any CPU
	EndGlobalSection
	GlobalSection(SolutionProperties) = preSolution
		HideSolutionNode = FALSE
	EndGlobalSection
	GlobalSection(NestedProjects) = preSolution
		{4D249589-F4F8-4DE6-A845-B1FB96D9E060} = {AA739693-ABD2-4051-98C0-B656342CF077}
		{71605909-F87E-4969-806D-06EEBD598B5D} = {AA739693-ABD2-4051-98C0-B656342CF077}
		{85DFEE53-C0E1-46EC-A227-4B7E45C83423} = {AA739693-ABD2-4051-98C0-B656342CF077}
	EndGlobalSection
	GlobalSection(ExtensibilityGlobals) = postSolution
		SolutionGuid = {C4072ACE-F6B3-4D8C-96CA-4FCDC8AF1B4A}
	EndGlobalSection
EndGlobal
